
Microsoft Visual Studio Solution File, Format Version 12.00
# Visual Studio Version 16
VisualStudioVersion = 16.0.30717.126
MinimumVisualStudioVersion = 10.0.40219.1
Project("{FAE04EC0-301F-11D3-BF4B-00C04F79EFBC}") = "JabilScreeningTest", "JabilScreeningTest\JabilScreeningTest.csproj", "{70AB278B-692A-4A7B-A299-B4AF8B46D1C5}"
EndProject
Global
	GlobalSection(SolutionConfigurationPlatforms) = preSolution
		Debug|Any CPU = Debug|Any CPU
		Release|Any CPU = Release|Any CPU
	EndGlobalSection
	GlobalSection(ProjectConfigurationPlatforms) = postSolution
		{70AB278B-692A-4A7B-A299-B4AF8B46D1C5}.Debug|Any CPU.ActiveCfg = Debug|Any CPU
		{70AB278B-692A-4A7B-A299-B4AF8B46D1C5}.Debug|Any CPU.Build.0 = Debug|Any CPU
		{70AB278B-692A-4A7B-A299-B4AF8B46D1C5}.Release|Any CPU.ActiveCfg = Release|Any CPU
		{70AB278B-692A-4A7B-A299-B4AF8B46D1C5}.Release|Any CPU.Build.0 = Release|Any CPU
	EndGlobalSection
	GlobalSection(SolutionProperties) = preSolution
		HideSolutionNode = FALSE
	EndGlobalSection
	GlobalSection(ExtensibilityGlobals) = postSolution
		SolutionGuid = {3A390682-7B41-4A13-9C15-7E228ECAAA2C}
	EndGlobalSection
EndGlobal
